
Microsoft Visual Studio Solution File, Format Version 12.00
# Visual Studio Version 16
VisualStudioVersion = 16.0.32002.261
MinimumVisualStudioVersion = 10.0.40219.1
Project("{9A19103F-16F7-4668-BE54-9A1E7A4F7556}") = "BasiccodeProgram", "BasiccodeProgram.csproj", "{3F8C0729-7E5F-46CE-BC8C-1705AED13FEB}"
EndProject
Global
	GlobalSection(SolutionConfigurationPlatforms) = preSolution
		Debug|Any CPU = Debug|Any CPU
		Release|Any CPU = Release|Any CPU
	EndGlobalSection
	GlobalSection(ProjectConfigurationPlatforms) = postSolution
		{3F8C0729-7E5F-46CE-BC8C-1705AED13FEB}.Debug|Any CPU.ActiveCfg = Debug|Any CPU
		{3F8C0729-7E5F-46CE-BC8C-1705AED13FEB}.Debug|Any CPU.Build.0 = Debug|Any CPU
		{3F8C0729-7E5F-46CE-BC8C-1705AED13FEB}.Release|Any CPU.ActiveCfg = Release|Any CPU
		{3F8C0729-7E5F-46CE-BC8C-1705AED13FEB}.Release|Any CPU.Build.0 = Release|Any CPU
	EndGlobalSection
	GlobalSection(SolutionProperties) = preSolution
		HideSolutionNode = FALSE
	EndGlobalSection
	GlobalSection(ExtensibilityGlobals) = postSolution
		SolutionGuid = {752338C5-4A17-4CF1-BF3F-809C4EC3EA7C}
	EndGlobalSection
EndGlobal
